
Microsoft Visual Studio Solution File, Format Version 12.00
# Visual Studio Version 16
VisualStudioVersion = 16.0.31019.35
MinimumVisualStudioVersion = 10.0.40219.1
Project("{FAE04EC0-301F-11D3-BF4B-00C04F79EFBC}") = "SharpenYourPencil2Excercise", "SharpenYourPencil2Excercise\SharpenYourPencil2Excercise.csproj", "{EBC3E85F-CAB1-449F-A97D-FF96411ECF6C}"
EndProject
Global
	GlobalSection(SolutionConfigurationPlatforms) = preSolution
		Debug|Any CPU = Debug|Any CPU
		Release|Any CPU = Release|Any CPU
	EndGlobalSection
	GlobalSection(ProjectConfigurationPlatforms) = postSolution
		{EBC3E85F-CAB1-449F-A97D-FF96411ECF6C}.Debug|Any CPU.ActiveCfg = Debug|Any CPU
		{EBC3E85F-CAB1-449F-A97D-FF96411ECF6C}.Debug|Any CPU.Build.0 = Debug|Any CPU
		{EBC3E85F-CAB1-449F-A97D-FF96411ECF6C}.Release|Any CPU.ActiveCfg = Release|Any CPU
		{EBC3E85F-CAB1-449F-A97D-FF96411ECF6C}.Release|Any CPU.Build.0 = Release|Any CPU
	EndGlobalSection
	GlobalSection(SolutionProperties) = preSolution
		HideSolutionNode = FALSE
	EndGlobalSection
	GlobalSection(ExtensibilityGlobals) = postSolution
		SolutionGuid = {4FBDAB47-7CB2-4AAE-8108-E0106A90F0DA}
	EndGlobalSection
EndGlobal
